
Microsoft Visual Studio Solution File, Format Version 12.00
# Visual Studio Version 17
VisualStudioVersion = 17.10.35027.167
MinimumVisualStudioVersion = 10.0.40219.1
Project("{FAE04EC0-301F-11D3-BF4B-00C04F79EFBC}") = "TryCatchFinally", "TryCatchFinally.csproj", "{33331E20-C356-4797-9B7E-034DF1DDB356}"
EndProject
Global
	GlobalSection(SolutionConfigurationPlatforms) = preSolution
		Debug|Any CPU = Debug|Any CPU
		Release|Any CPU = Release|Any CPU
	EndGlobalSection
	GlobalSection(ProjectConfigurationPlatforms) = postSolution
		{33331E20-C356-4797-9B7E-034DF1DDB356}.Debug|Any CPU.ActiveCfg = Debug|Any CPU
		{33331E20-C356-4797-9B7E-034DF1DDB356}.Debug|Any CPU.Build.0 = Debug|Any CPU
		{33331E20-C356-4797-9B7E-034DF1DDB356}.Release|Any CPU.ActiveCfg = Release|Any CPU
		{33331E20-C356-4797-9B7E-034DF1DDB356}.Release|Any CPU.Build.0 = Release|Any CPU
	EndGlobalSection
	GlobalSection(SolutionProperties) = preSolution
		HideSolutionNode = FALSE
	EndGlobalSection
	GlobalSection(ExtensibilityGlobals) = postSolution
		SolutionGuid = {91A50E46-449D-4D66-9424-DEF392E4ACD5}
	EndGlobalSection
EndGlobal
